Microsoft Visual Studio Solution File, Format Version 12.00
# Visual Studio Version 17
VisualStudioVersion = 17.5.2.0
MinimumVisualStudioVersion = 10.0.40219.1
Project("{FAE04EC0-301F-11D3-BF4B-00C04F79EFBC}") = "king-server", "king-server.csproj", "{1E264F41-601A-10F0-317D-27E04DA61F19}"
EndProject
Global
	GlobalSection(SolutionConfigurationPlatforms) = preSolution
		Debug|Any CPU = Debug|Any CPU
		Release|Any CPU = Release|Any CPU
	EndGlobalSection
	GlobalSection(ProjectConfigurationPlatforms) = postSolution
		{1E264F41-601A-10F0-317D-27E04DA61F19}.Debug|Any CPU.ActiveCfg = Debug|Any CPU
		{1E264F41-601A-10F0-317D-27E04DA61F19}.Debug|Any CPU.Build.0 = Debug|Any CPU
		{1E264F41-601A-10F0-317D-27E04DA61F19}.Release|Any CPU.ActiveCfg = Release|Any CPU
		{1E264F41-601A-10F0-317D-27E04DA61F19}.Release|Any CPU.Build.0 = Release|Any CPU
	EndGlobalSection
	GlobalSection(SolutionProperties) = preSolution
		HideSolutionNode = FALSE
	EndGlobalSection
	GlobalSection(ExtensibilityGlobals) = postSolution
		SolutionGuid = {98D25441-AE3F-4CA2-9A60-BAAFF0386DE6}
	EndGlobalSection
EndGlobal
